<?xml version="1.0" encoding="utf-8"?>
<Project ToolsVersion="4.0" xmlns="http://schemas.microsoft.com/developer/msbuild/2003">
  <ItemGroup>
    <Filter Include="源文件">
      <UniqueIdentifier>{4FC737F1-C7A5-4376-A066-2A32D752A2FF}</UniqueIdentifier>
      <Extensions>cpp;c;cc;cxx;c++;cppm;ixx;def;odl;idl;hpj;bat;asm;asmx</Extensions>
    </Filter>
    <Filter Include="头文件">
      <UniqueIdentifier>{93995380-89BD-4b04-88EB-625FBE52EBFB}</UniqueIdentifier>
      <Extensions>h;hh;hpp;hxx;h++;hm;inl;inc;ipp;xsd</Extensions>
    </Filter>
    <Filter Include="c_ui">
      <UniqueIdentifier>{bf464f89-5f56-4e6d-93c8-c90c599a3aa3}</UniqueIdentifier>
    </Filter>
    <Filter Include="c_ui\workbenches">
      <UniqueIdentifier>{f448063f-a7d9-4575-a92f-ef1090cfb4fd}</UniqueIdentifier>
    </Filter>
    <Filter Include="c_ui\app">
      <UniqueIdentifier>{6d4f1bad-b9b3-4662-8849-ebc2e637acdc}</UniqueIdentifier>
    </Filter>
    <Filter Include="c_ui\qt">
      <UniqueIdentifier>{f4be32e6-3f7c-4612-a6fb-5a890a0ead2d}</UniqueIdentifier>
    </Filter>
    <Filter Include="c_ui\qt\handler">
      <UniqueIdentifier>{c4e38527-e18a-43f5-a26f-ba66c7507a7c}</UniqueIdentifier>
    </Filter>
    <Filter Include="c_ui\panels">
      <UniqueIdentifier>{56c8e114-0866-44e4-af47-f52ec539bea1}</UniqueIdentifier>
    </Filter>
  </ItemGroup>
  <ItemGroup>
    <ClInclude Include="AppInterfaces.h">
      <Filter>头文件</Filter>
    </ClInclude>
    <ClInclude Include="DataManager.h">
      <Filter>头文件</Filter>
    </ClInclude>
    <ClInclude Include="DataConverters.h">
      <Filter>头文件</Filter>
    </ClInclude>
    <ClInclude Include="VisualStrategies.h">
      <Filter>头文件</Filter>
    </ClInclude>
    <ClInclude Include="AppService.h">
      <Filter>头文件</Filter>
    </ClInclude>
    <ClInclude Include="StrategyFactory.h">
      <Filter>头文件</Filter>
    </ClInclude>
    <ClInclude Include="AppState.h">
      <Filter>头文件</Filter>
    </ClInclude>
    <ClInclude Include="c_ui\workbenches\PerformancePage.h">
      <Filter>c_ui\workbenches</Filter>
    </ClInclude>
    <ClInclude Include="c_ui\qt\QtRenderContext.h">
      <Filter>c_ui\qt</Filter>
    </ClInclude>
    <ClInclude Include="c_ui\qt\interaction\InteractionEvent.h">
      <Filter>c_ui\qt</Filter>
    </ClInclude>
    <ClInclude Include="c_ui\qt\interaction\InteractionResult.h">
      <Filter>c_ui\qt</Filter>
    </ClInclude>
    <ClInclude Include="c_ui\qt\interaction\IInteractionHandler.h">
      <Filter>c_ui\qt</Filter>
    </ClInclude>
    <ClInclude Include="c_ui\qt\interaction\InteractionRouter.h">
      <Filter>c_ui\qt</Filter>
    </ClInclude>
    <ClInclude Include="c_ui\qt\interaction\handlers\TimeUpdateHandler.h">
      <Filter>c_ui\qt\handler</Filter>
    </ClInclude>
    <ClInclude Include="c_ui\qt\interaction\handlers\2DViewerHandler.h">
      <Filter>c_ui\qt\handler</Filter>
    </ClInclude>
    <ClInclude Include="c_ui\qt\interaction\handlers\3DViewerHandler.h">
      <Filter>c_ui\qt\handler</Filter>
    </ClInclude>
  </ItemGroup>
  <ItemGroup>
    <ClCompile Include="DataManager.cpp">
      <Filter>源文件</Filter>
    </ClCompile>
    <ClCompile Include="DataConverters.cpp">
      <Filter>源文件</Filter>
    </ClCompile>
    <ClCompile Include="VisualStrategies.cpp">
      <Filter>源文件</Filter>
    </ClCompile>
    <ClCompile Include="AppService.cpp">
      <Filter>源文件</Filter>
    </ClCompile>
    <ClCompile Include="c_ui\main.cpp">
      <Filter>c_ui</Filter>
    </ClCompile>
    <ClCompile Include="c_ui\MainWindow.cpp">
      <Filter>c_ui</Filter>
    </ClCompile>
    <ClCompile Include="c_ui\workbenches\AlignmentPage.cpp">
      <Filter>c_ui\workbenches</Filter>
    </ClCompile>
    <ClCompile Include="c_ui\workbenches\AnalysisPage.cpp">
      <Filter>c_ui\workbenches</Filter>
    </ClCompile>
    <ClCompile Include="c_ui\workbenches\AnimationPage.cpp">
      <Filter>c_ui\workbenches</Filter>
    </ClCompile>
    <ClCompile Include="c_ui\workbenches\CADAndThen.cpp">
      <Filter>c_ui\workbenches</Filter>
    </ClCompile>
    <ClCompile Include="c_ui\workbenches\DocumentPage.cpp">
      <Filter>c_ui\workbenches</Filter>
    </ClCompile>
    <ClCompile Include="c_ui\workbenches\EditPage.cpp">
      <Filter>c_ui\workbenches</Filter>
    </ClCompile>
    <ClCompile Include="c_ui\workbenches\GeometryPage.cpp">
      <Filter>c_ui\workbenches</Filter>
    </ClCompile>
    <ClCompile Include="c_ui\workbenches\HelpPage.cpp">
      <Filter>c_ui\workbenches</Filter>
    </ClCompile>
    <ClCompile Include="c_ui\workbenches\MeasurePage.cpp">
      <Filter>c_ui\workbenches</Filter>
    </ClCompile>
    <ClCompile Include="c_ui\workbenches\PerformancePage.cpp">
      <Filter>c_ui\workbenches</Filter>
    </ClCompile>
    <ClCompile Include="c_ui\workbenches\ReconstructPage.cpp">
      <Filter>c_ui\workbenches</Filter>
    </ClCompile>
    <ClCompile Include="c_ui\workbenches\ReportPage.cpp">
      <Filter>c_ui\workbenches</Filter>
    </ClCompile>
    <ClCompile Include="c_ui\workbenches\SelectPage.cpp">
      <Filter>c_ui\workbenches</Filter>
    </ClCompile>
    <ClCompile Include="c_ui\workbenches\StartPage.cpp">
      <Filter>c_ui\workbenches</Filter>
    </ClCompile>
    <ClCompile Include="c_ui\workbenches\VolumePage.cpp">
      <Filter>c_ui\workbenches</Filter>
    </ClCompile>
    <ClCompile Include="c_ui\workbenches\WindowPage.cpp">
      <Filter>c_ui\workbenches</Filter>
    </ClCompile>
    <ClCompile Include="c_ui\app\app.cpp">
      <Filter>c_ui\app</Filter>
    </ClCompile>
    <ClCompile Include="c_ui\qt\QtRenderContext.cpp">
      <Filter>c_ui\qt</Filter>
    </ClCompile>
    <ClCompile Include="c_ui\qt\interaction\InteractionRouter.cpp">
      <Filter>c_ui\qt</Filter>
    </ClCompile>
    <ClCompile Include="c_ui\qt\interaction\handlers\TimeUpdateHandler.cpp">
      <Filter>c_ui\qt\handler</Filter>
    </ClCompile>
    <ClCompile Include="c_ui\qt\interaction\handlers\2DViewerHandler.cpp">
      <Filter>c_ui\qt\handler</Filter>
    </ClCompile>
    <ClCompile Include="c_ui\qt\interaction\handlers\3DViewerHandler.cpp">
      <Filter>c_ui\qt\handler</Filter>
    </ClCompile>
    <ClCompile Include="ReconInteraction.cpp">
      <Filter>源文件</Filter>
    </ClCompile>
    <ClCompile Include="AppController.cpp">
      <Filter>源文件</Filter>
    </ClCompile>
    <ClCompile Include="c_ui\panels\SceneTreePanel.cpp">
      <Filter>c_ui\panels</Filter>
    </ClCompile>
    <ClCompile Include="c_ui\panels\RenderPanel.cpp">
      <Filter>c_ui\panels</Filter>
    </ClCompile>
  </ItemGroup>
  <ItemGroup>
    <QtMoc Include="c_ui\MainWindow.h">
      <Filter>c_ui</Filter>
    </QtMoc>
    <QtMoc Include="c_ui\workbenches\ReconstructPage.h">
      <Filter>c_ui\workbenches</Filter>
    </QtMoc>
    <QtMoc Include="c_ui\workbenches\DocumentPage.h">
      <Filter>c_ui\workbenches</Filter>
    </QtMoc>
    <QtMoc Include="c_ui\app\app.h">
      <Filter>c_ui\app</Filter>
    </QtMoc>
    <QtMoc Include="c_ui\workbenches\AlignmentPage.h">
      <Filter>c_ui\workbenches</Filter>
    </QtMoc>
    <QtMoc Include="c_ui\workbenches\AnalysisPage.h">
      <Filter>c_ui\workbenches</Filter>
    </QtMoc>
    <QtMoc Include="c_ui\workbenches\AnimationPage.h">
      <Filter>c_ui\workbenches</Filter>
    </QtMoc>
    <QtMoc Include="c_ui\workbenches\CADAndThen.h">
      <Filter>c_ui\workbenches</Filter>
    </QtMoc>
    <QtMoc Include="c_ui\workbenches\EditPage.h">
      <Filter>c_ui\workbenches</Filter>
    </QtMoc>
    <QtMoc Include="c_ui\workbenches\GeometryPage.h">
      <Filter>c_ui\workbenches</Filter>
    </QtMoc>
    <QtMoc Include="c_ui\workbenches\HelpPage.h">
      <Filter>c_ui\workbenches</Filter>
    </QtMoc>
    <QtMoc Include="c_ui\workbenches\MeasurePage.h">
      <Filter>c_ui\workbenches</Filter>
    </QtMoc>
    <QtMoc Include="c_ui\workbenches\ReportPage.h">
      <Filter>c_ui\workbenches</Filter>
    </QtMoc>
    <QtMoc Include="c_ui\workbenches\SelectPage.h">
      <Filter>c_ui\workbenches</Filter>
    </QtMoc>
    <QtMoc Include="c_ui\workbenches\StartPage.h">
      <Filter>c_ui\workbenches</Filter>
    </QtMoc>
    <QtMoc Include="c_ui\workbenches\VolumePage.h">
      <Filter>c_ui\workbenches</Filter>
    </QtMoc>
    <QtMoc Include="c_ui\workbenches\WindowPage.h">
      <Filter>c_ui\workbenches</Filter>
    </QtMoc>
    <QtMoc Include="AppController.h">
      <Filter>头文件</Filter>
    </QtMoc>
    <QtMoc Include="c_ui\panels\SceneTreePanel.h">
      <Filter>c_ui\panels</Filter>
    </QtMoc>
    <QtMoc Include="c_ui\panels\RenderPanel.h">
      <Filter>c_ui\panels</Filter>
    </QtMoc>
  </ItemGroup>
</Project>